
Microsoft Visual Studio Solution File, Format Version 12.00
# Visual Studio Version 17
VisualStudioVersion = 17.6.33829.357
MinimumVisualStudioVersion = 10.0.40219.1
Project("{FAE04EC0-301F-11D3-BF4B-00C04F79EFBC}") = "GameCenter", "GameCenter\GameCenter.csproj", "{B438C50B-E89E-40D8-B316-EE727757C162}"
EndProject
Global
	GlobalSection(SolutionConfigurationPlatforms) = preSolution
		Debug|Any CPU = Debug|Any CPU
		Release|Any CPU = Release|Any CPU
	EndGlobalSection
	GlobalSection(ProjectConfigurationPlatforms) = postSolution
		{B438C50B-E89E-40D8-B316-EE727757C162}.Debug|Any CPU.ActiveCfg = Debug|Any CPU
		{B438C50B-E89E-40D8-B316-EE727757C162}.Debug|Any CPU.Build.0 = Debug|Any CPU
		{B438C50B-E89E-40D8-B316-EE727757C162}.Release|Any CPU.ActiveCfg = Release|Any CPU
		{B438C50B-E89E-40D8-B316-EE727757C162}.Release|Any CPU.Build.0 = Release|Any CPU
	EndGlobalSection
	GlobalSection(SolutionProperties) = preSolution
		HideSolutionNode = FALSE
	EndGlobalSection
	GlobalSection(ExtensibilityGlobals) = postSolution
		SolutionGuid = {FB33D7E1-41C8-4827-861D-24343080BDF4}
	EndGlobalSection
EndGlobal
